
Microsoft Visual Studio Solution File, Format Version 12.00
# Visual Studio Version 16
VisualStudioVersion = 16.0.32002.261
MinimumVisualStudioVersion = 10.0.40219.1
Project("{F184B08F-C81C-45F6-A57F-5ABD9991F28F}") = "RollTheDiceListBox", "RollTheDiceListBox\RollTheDiceListBox.vbproj", "{C1B9F793-8CD6-4AE8-B224-29FF4EB0D767}"
EndProject
Global
	GlobalSection(SolutionConfigurationPlatforms) = preSolution
		Debug|Any CPU = Debug|Any CPU
		Release|Any CPU = Release|Any CPU
	EndGlobalSection
	GlobalSection(ProjectConfigurationPlatforms) = postSolution
		{C1B9F793-8CD6-4AE8-B224-29FF4EB0D767}.Debug|Any CPU.ActiveCfg = Debug|Any CPU
		{C1B9F793-8CD6-4AE8-B224-29FF4EB0D767}.Debug|Any CPU.Build.0 = Debug|Any CPU
		{C1B9F793-8CD6-4AE8-B224-29FF4EB0D767}.Release|Any CPU.ActiveCfg = Release|Any CPU
		{C1B9F793-8CD6-4AE8-B224-29FF4EB0D767}.Release|Any CPU.Build.0 = Release|Any CPU
	EndGlobalSection
	GlobalSection(SolutionProperties) = preSolution
		HideSolutionNode = FALSE
	EndGlobalSection
	GlobalSection(ExtensibilityGlobals) = postSolution
		SolutionGuid = {EE980F3E-C23A-491F-AA73-200B3AE96788}
	EndGlobalSection
EndGlobal
